
Microsoft Visual Studio Solution File, Format Version 12.00
# Visual Studio Version 16
VisualStudioVersion = 16.0.29709.97
MinimumVisualStudioVersion = 10.0.40219.1
Project("{FAE04EC0-301F-11D3-BF4B-00C04F79EFBC}") = "WebApi", "WebApi\WebApi.csproj", "{477C7737-DB29-4230-B5CA-8369AA55E0A1}"
EndProject
Project("{FAE04EC0-301F-11D3-BF4B-00C04F79EFBC}") = "Angular", "Angular\Angular.csproj", "{D09A536A-B773-4DE4-9192-494A0F518FA3}"
EndProject
Global
	GlobalSection(SolutionConfigurationPlatforms) = preSolution
		Debug|Any CPU = Debug|Any CPU
		Release|Any CPU = Release|Any CPU
	EndGlobalSection
	GlobalSection(ProjectConfigurationPlatforms) = postSolution
		{477C7737-DB29-4230-B5CA-8369AA55E0A1}.Debug|Any CPU.ActiveCfg = Debug|Any CPU
		{477C7737-DB29-4230-B5CA-8369AA55E0A1}.Debug|Any CPU.Build.0 = Debug|Any CPU
		{477C7737-DB29-4230-B5CA-8369AA55E0A1}.Release|Any CPU.ActiveCfg = Release|Any CPU
		{477C7737-DB29-4230-B5CA-8369AA55E0A1}.Release|Any CPU.Build.0 = Release|Any CPU
		{D09A536A-B773-4DE4-9192-494A0F518FA3}.Debug|Any CPU.ActiveCfg = Debug|Any CPU
		{D09A536A-B773-4DE4-9192-494A0F518FA3}.Debug|Any CPU.Build.0 = Debug|Any CPU
		{D09A536A-B773-4DE4-9192-494A0F518FA3}.Release|Any CPU.ActiveCfg = Release|Any CPU
		{D09A536A-B773-4DE4-9192-494A0F518FA3}.Release|Any CPU.Build.0 = Release|Any CPU
	EndGlobalSection
	GlobalSection(SolutionProperties) = preSolution
		HideSolutionNode = FALSE
	EndGlobalSection
	GlobalSection(ExtensibilityGlobals) = postSolution
		SolutionGuid = {BAF99922-7353-4A08-9619-BB05CF5911B9}
	EndGlobalSection
EndGlobal
